
Microsoft Visual Studio Solution File, Format Version 12.00
# Visual Studio Version 17
VisualStudioVersion = 17.11.35312.102
MinimumVisualStudioVersion = 10.0.40219.1
Project("{FAE04EC0-301F-11D3-BF4B-00C04F79EFBC}") = "API", "API\API.csproj", "{23E3210A-74DE-4709-B6FF-BEBAF2A73C06}"
EndProject
Project("{FAE04EC0-301F-11D3-BF4B-00C04F79EFBC}") = "Application", "Application\Application.csproj", "{DF17C265-FF8A-491C-8133-653A3AD3029F}"
EndProject
Project("{FAE04EC0-301F-11D3-BF4B-00C04F79EFBC}") = "Domain", "Domain\Domain.csproj", "{13606D44-CAEF-4A78-B33B-C5EF80B4BC56}"
EndProject
Project("{FAE04EC0-301F-11D3-BF4B-00C04F79EFBC}") = "Persistence", "Persistence\Persistence.csproj", "{FF995F47-6DD3-4435-857D-C61A2F0A53D5}"
EndProject
Global
	GlobalSection(SolutionConfigurationPlatforms) = preSolution
		Debug|Any CPU = Debug|Any CPU
		Release|Any CPU = Release|Any CPU
	EndGlobalSection
	GlobalSection(ProjectConfigurationPlatforms) = postSolution
		{23E3210A-74DE-4709-B6FF-BEBAF2A73C06}.Debug|Any CPU.ActiveCfg = Debug|Any CPU
		{23E3210A-74DE-4709-B6FF-BEBAF2A73C06}.Debug|Any CPU.Build.0 = Debug|Any CPU
		{23E3210A-74DE-4709-B6FF-BEBAF2A73C06}.Release|Any CPU.ActiveCfg = Release|Any CPU
		{23E3210A-74DE-4709-B6FF-BEBAF2A73C06}.Release|Any CPU.Build.0 = Release|Any CPU
		{DF17C265-FF8A-491C-8133-653A3AD3029F}.Debug|Any CPU.ActiveCfg = Debug|Any CPU
		{DF17C265-FF8A-491C-8133-653A3AD3029F}.Debug|Any CPU.Build.0 = Debug|Any CPU
		{DF17C265-FF8A-491C-8133-653A3AD3029F}.Release|Any CPU.ActiveCfg = Release|Any CPU
		{DF17C265-FF8A-491C-8133-653A3AD3029F}.Release|Any CPU.Build.0 = Release|Any CPU
		{13606D44-CAEF-4A78-B33B-C5EF80B4BC56}.Debug|Any CPU.ActiveCfg = Debug|Any CPU
		{13606D44-CAEF-4A78-B33B-C5EF80B4BC56}.Debug|Any CPU.Build.0 = Debug|Any CPU
		{13606D44-CAEF-4A78-B33B-C5EF80B4BC56}.Release|Any CPU.ActiveCfg = Release|Any CPU
		{13606D44-CAEF-4A78-B33B-C5EF80B4BC56}.Release|Any CPU.Build.0 = Release|Any CPU
		{FF995F47-6DD3-4435-857D-C61A2F0A53D5}.Debug|Any CPU.ActiveCfg = Debug|Any CPU
		{FF995F47-6DD3-4435-857D-C61A2F0A53D5}.Debug|Any CPU.Build.0 = Debug|Any CPU
		{FF995F47-6DD3-4435-857D-C61A2F0A53D5}.Release|Any CPU.ActiveCfg = Release|Any CPU
		{FF995F47-6DD3-4435-857D-C61A2F0A53D5}.Release|Any CPU.Build.0 = Release|Any CPU
	EndGlobalSection
	GlobalSection(SolutionProperties) = preSolution
		HideSolutionNode = FALSE
	EndGlobalSection
	GlobalSection(ExtensibilityGlobals) = postSolution
		SolutionGuid = {1F67A101-EEDA-4E89-910D-2741FD5D9A7A}
	EndGlobalSection
EndGlobal
